
Microsoft Visual Studio Solution File, Format Version 12.00
# Visual Studio 15
VisualStudioVersion = 15.0.28307.2017
MinimumVisualStudioVersion = 10.0.40219.1
Project("{2150E333-8FDC-42A3-9474-1A3956D46DE8}") = "Solution Items", "Solution Items", "{AB5EE405-C5CD-4B3C-9234-E50418E551FE}"
	ProjectSection(SolutionItems) = preProject
		SimplePage.html = SimplePage.html
	EndProjectSection
EndProject
Global
	GlobalSection(SolutionProperties) = preSolution
		HideSolutionNode = FALSE
	EndGlobalSection
	GlobalSection(ExtensibilityGlobals) = postSolution
		SolutionGuid = {F864317F-1651-4E25-97C6-E06B1A8F9BBF}
	EndGlobalSection
EndGlobal
